
Microsoft Visual Studio Solution File, Format Version 12.00
Project("{FAE04EC0-301F-11D3-BF4B-00C04F79EFBC}") = "WCD-test", "WCD-test.csproj", "{874E5DB3-BB5E-4633-ABD4-90654F626FEB}"
EndProject
Global
	GlobalSection(SolutionConfigurationPlatforms) = preSolution
		Debug|Any CPU = Debug|Any CPU
		Release|Any CPU = Release|Any CPU
	EndGlobalSection
	GlobalSection(ProjectConfigurationPlatforms) = postSolution
		{874E5DB3-BB5E-4633-ABD4-90654F626FEB}.Debug|Any CPU.ActiveCfg = Debug|Any CPU
		{874E5DB3-BB5E-4633-ABD4-90654F626FEB}.Debug|Any CPU.Build.0 = Debug|Any CPU
		{874E5DB3-BB5E-4633-ABD4-90654F626FEB}.Release|Any CPU.ActiveCfg = Release|Any CPU
		{874E5DB3-BB5E-4633-ABD4-90654F626FEB}.Release|Any CPU.Build.0 = Release|Any CPU
	EndGlobalSection
EndGlobal
