
Microsoft Visual Studio Solution File, Format Version 12.00
# Visual Studio Version 17
VisualStudioVersion = 17.7.34018.315
MinimumVisualStudioVersion = 10.0.40219.1
Project("{FAE04EC0-301F-11D3-BF4B-00C04F79EFBC}") = "Exam", "Exam.csproj", "{7B647003-D4DE-498C-820E-F30C58560FA6}"
EndProject
Global
	GlobalSection(SolutionConfigurationPlatforms) = preSolution
		Debug|Any CPU = Debug|Any CPU
		Release|Any CPU = Release|Any CPU
	EndGlobalSection
	GlobalSection(ProjectConfigurationPlatforms) = postSolution
		{7B647003-D4DE-498C-820E-F30C58560FA6}.Debug|Any CPU.ActiveCfg = Debug|Any CPU
		{7B647003-D4DE-498C-820E-F30C58560FA6}.Debug|Any CPU.Build.0 = Debug|Any CPU
		{7B647003-D4DE-498C-820E-F30C58560FA6}.Release|Any CPU.ActiveCfg = Release|Any CPU
		{7B647003-D4DE-498C-820E-F30C58560FA6}.Release|Any CPU.Build.0 = Release|Any CPU
	EndGlobalSection
	GlobalSection(SolutionProperties) = preSolution
		HideSolutionNode = FALSE
	EndGlobalSection
	GlobalSection(ExtensibilityGlobals) = postSolution
		SolutionGuid = {3BD8768D-A72D-4150-A1EC-D917B8F85610}
	EndGlobalSection
EndGlobal
